// !$*UTF8*$!
{
	archiveVersion = 1;
	classes = {
	};
	objectVersion = 46;
	objects = {

/* Begin PBXBuildFile section */
		C97CF9AA1CD1A105001F34BF /* main.m in Sources */ = {isa = PBXBuildFile; fileRef = C97CF9A91CD1A105001F34BF /* main.m */; };
		C97CF9AD1CD1A105001F34BF /* AppDelegate.m in Sources */ = {isa = PBXBuildFile; fileRef = C97CF9AC1CD1A105001F34BF /* AppDelegate.m */; };
		C97CF9B01CD1A105001F34BF /* ViewController.m in Sources */ = {isa = PBXBuildFile; fileRef = C97CF9AF1CD1A105001F34BF /* ViewController.m */; };
		C97CF9B31CD1A105001F34BF /* Main.storyboard in Resources */ = {isa = PBXBuildFile; fileRef = C97CF9B11CD1A105001F34BF /* Main.storyboard */; };
		C97CF9B51CD1A105001F34BF /* Assets.xcassets in Resources */ = {isa = PBXBuildFile; fileRef = C97CF9B41CD1A105001F34BF /* Assets.xcassets */; };
		C97CF9B81CD1A105001F34BF /* LaunchScreen.storyboard in Resources */ = {isa = PBXBuildFile; fileRef = C97CF9B61CD1A105001F34BF /* LaunchScreen.storyboard */; };
/* End PBXBuildFile section */

/* Begin PBXFileReference section */
		C97CF9A51CD1A105001F34BF /* WJTest.app */ = {isa = PBXFileReference; explicitFileType = wrapper.application; includeInIndex = 0; path = WJTest.app; sourceTree = BUILT_PRODUCTS_DIR; };
		C97CF9A91CD1A105001F34BF /* main.m */ = {isa = PBXFileReference; lastKnownFileType = sourcecode.c.objc; path = main.m; sourceTree = "<group>"; };
		C97CF9AB1CD1A105001F34BF /* AppDelegate.h */ = {isa = PBXFileReference; lastKnownFileType = sourcecode.c.h; path = AppDelegate.h; sourceTree = "<group>"; };
		C97CF9AC1CD1A105001F34BF /* AppDelegate.m */ = {isa = PBXFileReference; lastKnownFileType = sourcecode.c.objc; path = AppDelegate.m; sourceTree = "<group>"; };
		C97CF9AE1CD1A105001F34BF /* ViewController.h */ = {isa = PBXFileReference; lastKnownFileType = sourcecode.c.h; path = ViewController.h; sourceTree = "<group>"; };
		C97CF9AF1CD1A105001F34BF /* ViewController.m */ = {isa = PBXFileReference; lastKnownFileType = sourcecode.c.objc; path = ViewController.m; sourceTree = "<group>"; };
		C97CF9B21CD1A105001F34BF /* Base */ = {isa = PBXFileReference; lastKnownFileType = file.storyboard; name = Base; path = Base.lproj/Main.storyboard; sourceTree = "<group>"; };
		C97CF9B41CD1A105001F34BF /* Assets.xcassets */ = {isa = PBXFileReference; lastKnownFileType = folder.assetcatalog; path = Assets.xcassets; sourceTree = "<group>"; };
		C97CF9B71CD1A105001F34BF /* Base */ = {isa = PBXFileReference; lastKnownFileType = file.storyboard; name = Base; path = Base.lproj/LaunchScreen.storyboard; sourceTree = "<group>"; };
		C97CF9B91CD1A105001F34BF /* Info.plist */ = {isa = PBXFileReference; lastKnownFileType = text.plist.xml; path = Info.plist; sourceTree = "<group>"; };
/* End PBXFileReference section */

/* Begin PBXFrameworksBuildPhase section */
		C97CF9A21CD1A105001F34BF /* Frameworks */ = {
			isa = PBXFrameworksBuildPhase;
			buildActionMask = 2147483647;
			files = (
			);
			runOnlyForDeploymentPostprocessing = 0;
		};
/* End PBXFrameworksBuildPhase section */

/* Begin PBXGroup section */
		C97CF99C1CD1A105001F34BF = {
			isa = PBXGroup;
			children = (
				C97CF9A71CD1A105001F34BF /* WJTest */,
				C97CF9A61CD1A105001F34BF /* Products */,
			);
			sourceTree = "<group>";
		};
		C97CF9A61CD1A105001F34BF /* Products */ = {
			isa = PBXGroup;
			children = (
				C97CF9A51CD1A105001F34BF /* WJTest.app */,
			);
			name = Products;
			sourceTree = "<group>";
		};
		C97CF9A71CD1A105001F34BF /* WJTest */ = {
			isa = PBXGroup;
			children = (
				C97CF9AB1CD1A105001F34BF /* AppDelegate.h */,
				C97CF9AC1CD1A105001F34BF /* AppDelegate.m */,
				C97CF9AE1CD1A105001F34BF /* ViewController.h */,
				C97CF9AF1CD1A105001F34BF /* ViewController.m */,
				C97CF9B11CD1A105001F34BF /* Main.storyboard */,
				C97CF9B41CD1A105001F34BF /* Assets.xcassets */,
				C97CF9B61CD1A105001F34BF /* LaunchScreen.storyboard */,
				C97CF9B91CD1A105001F34BF /* Info.plist */,
				C97CF9A81CD1A105001F34BF /* Supporting Files */,
			);
			path = WJTest;
			sourceTree = "<group>";
		};
		C97CF9A81CD1A105001F34BF /* Supporting Files */ = {
			isa = PBXGroup;
			children = (
				C97CF9A91CD1A105001F34BF /* main.m */,
			);
			name = "Supporting Files";
			sourceTree = "<group>";
		};
/* End PBXGroup section */

/* Begin PBXNativeTarget section */
		C97CF9A41CD1A105001F34BF /* WJTest */ = {
			isa = PBXNativeTarget;
			buildConfigurationList = C97CF9BC1CD1A105001F34BF /* Build configuration list for PBXNativeTarget "WJTest" */;
			buildPhases = (
				C97CF9A11CD1A105001F34BF /* Sources */,
				C97CF9A21CD1A105001F34BF /* Frameworks */,
				C97CF9A31CD1A105001F34BF /* Resources */,
			);
			buildRules = (
			);
			dependencies = (
			);
			name = WJTest;
			productName = WJTest;
			productReference = C97CF9A51CD1A105001F34BF /* WJTest.app */;
			productType = "com.apple.product-type.application";
		};
/* End PBXNativeTarget section */

/* Begin PBXProject section */
		C97CF99D1CD1A105001F34BF /* Project object */ = {
			isa = PBXProject;
			attributes = {
				LastUpgradeCheck = 0730;
				ORGANIZATIONNAME = "王健";
				TargetAttributes = {
					C97CF9A41CD1A105001F34BF = {
						CreatedOnToolsVersion = 7.3;
						DevelopmentTeam = BD95GXSZ8Z;
					};
				};
			};
			buildConfigurationList = C97CF9A01CD1A105001F34BF /* Build configuration list for PBXProject "WJTest" */;
			compatibilityVersion = "Xcode 3.2";
			developmentRegion = English;
			hasScannedForEncodings = 0;
			knownRegions = (
				en,
				Base,
			);
			mainGroup = C97CF99C1CD1A105001F34BF;
			productRefGroup = C97CF9A61CD1A105001F34BF /* Products */;
			projectDirPath = "";
			projectRoot = "";
			targets = (
				C97CF9A41CD1A105001F34BF /* WJTest */,
			);
		};
/* End PBXProject section */

/* Begin PBXResourcesBuildPhase section */
		C97CF9A31CD1A105001F34BF /* Resources */ = {
			isa = PBXResourcesBuildPhase;
			buildActionMask = 2147483647;
			files = (
				C97CF9B81CD1A105001F34BF /* LaunchScreen.storyboard in Resources */,
				C97CF9B51CD1A105001F34BF /* Assets.xcassets in Resources */,
				C97CF9B31CD1A105001F34BF /* Main.storyboard in Resources */,
			);
			runOnlyForDeploymentPostprocessing = 0;
		};
/* End PBXResourcesBuildPhase section */

/* Begin PBXSourcesBuildPhase section */
		C97CF9A11CD1A105001F34BF /* Sources */ = {
			isa = PBXSourcesBuildPhase;
			buildActionMask = 2147483647;
			files = (
				C97CF9B01CD1A105001F34BF /* ViewController.m in Sources */,
				C97CF9AD1CD1A105001F34BF /* AppDelegate.m in Sources */,
				C97CF9AA1CD1A105001F34BF /* main.m in Sources */,
			);
			runOnlyForDeploymentPostprocessing = 0;
		};
/* End PBXSourcesBuildPhase section */

/* Begin PBXVariantGroup section */
		C97CF9B11CD1A105001F34BF /* Main.storyboard */ = {
			isa = PBXVariantGroup;
			children = (
				C97CF9B21CD1A105001F34BF /* Base */,
			);
			name = Main.storyboard;
			sourceTree = "<group>";
		};
		C97CF9B61CD1A105001F34BF /* LaunchScreen.storyboard */ = {
			isa = PBXVariantGroup;
			children = (
				C97CF9B71CD1A105001F34BF /* Base */,
			);
			name = LaunchScreen.storyboard;
			sourceTree = "<group>";
		};
/* End PBXVariantGroup section */

/* Begin XCBuildConfiguration section */
		C97CF9BA1CD1A105001F34BF /* Debug */ = {
			isa = XCBuildConfiguration;
			buildSettings = {
				ALWAYS_SEARCH_USER_PATHS = NO;
				CLANG_ANALYZER_NONNULL = YES;
				CLANG_CXX_LANGUAGE_STANDARD = "gnu++0x";
				CLANG_CXX_LIBRARY = "libc++";
				CLANG_ENABLE_MODULES = YES;
				CLANG_ENABLE_OBJC_ARC = YES;
				CLANG_WARN_BOOL_CONVERSION = YES;
				CLANG_WARN_CONSTANT_CONVERSION = YES;
				CLANG_WARN_DIRECT_OBJC_ISA_USAGE = YES_ERROR;
				CLANG_WARN_EMPTY_BODY = YES;
				CLANG_WARN_ENUM_CONVERSION = YES;
				CLANG_WARN_INT_CONVERSION = YES;
				CLANG_WARN_OBJC_ROOT_CLASS = YES_ERROR;
				CLANG_WARN_UNREACHABLE_CODE = YES;
				CLANG_WARN__DUPLICATE_METHOD_MATCH = YES;
				"CODE_SIGN_IDENTITY[sdk=iphoneos*]" = "iPhone Developer";
				COPY_PHASE_STRIP = NO;
				DEBUG_INFORMATION_FORMAT = dwarf;
				ENABLE_STRICT_OBJC_MSGSEND = YES;
				ENABLE_TESTABILITY = YES;
				GCC_C_LANGUAGE_STANDARD = gnu99;
				GCC_DYNAMIC_NO_PIC = NO;
				GCC_NO_COMMON_BLOCKS = YES;
				GCC_OPTIMIZATION_LEVEL = 0;
				GCC_PREPROCESSOR_DEFINITIONS = (
					"DEBUG=1",
					"$(inherited)",
				);
				GCC_WARN_64_TO_32_BIT_CONVERSION = YES;
				GCC_WARN_ABOUT_RETURN_TYPE = YES_ERROR;
				GCC_WARN_UNDECLARED_SELECTOR = YES;
				GCC_WARN_UNINITIALIZED_AUTOS = YES_AGGRESSIVE;
				GCC_WARN_UNUSED_FUNCTION = YES;
				GCC_WARN_UNUSED_VARIABLE = YES;
				IPHONEOS_DEPLOYMENT_TARGET = 9.3;
				MTL_ENABLE_DEBUG_INFO = YES;
				ONLY_ACTIVE_ARCH = YES;
				SDKROOT = iphoneos;
			};
			name = Debug;
		};
		C97CF9BB1CD1A105001F34BF /* Release */ = {
			isa = XCBuildConfiguration;
			buildSettings = {
				ALWAYS_SEARCH_USER_PATHS = NO;
				CLANG_ANALYZER_NONNULL = YES;
				CLANG_CXX_LANGUAGE_STANDARD = "gnu++0x";
				CLANG_CXX_LIBRARY = "libc++";
				CLANG_ENABLE_MODULES = YES;
				CLANG_ENABLE_OBJC_ARC = YES;
				CLANG_WARN_BOOL_CONVERSION = YES;
				CLANG_WARN_CONSTANT_CONVERSION = YES;
				CLANG_WARN_DIRECT_OBJC_ISA_USAGE = YES_ERROR;
				CLANG_WARN_EMPTY_BODY = YES;
				CLANG_WARN_ENUM_CONVERSION = YES;
				CLANG_WARN_INT_CONVERSION = YES;
				CLANG_WARN_OBJC_ROOT_CLASS = YES_ERROR;
				CLANG_WARN_UNREACHABLE_CODE = YES;
				CLANG_WARN__DUPLICATE_METHOD_MATCH = YES;
				"CODE_SIGN_IDENTITY[sdk=iphoneos*]" = "iPhone Developer";
				COPY_PHASE_STRIP = NO;
				DEBUG_INFORMATION_FORMAT = "dwarf-with-dsym";
				ENABLE_NS_ASSERTIONS = NO;
				ENABLE_STRICT_OBJC_MSGSEND = YES;
				GCC_C_LANGUAGE_STANDARD = gnu99;
				GCC_NO_COMMON_BLOCKS = YES;
				GCC_WARN_64_TO_32_BIT_CONVERSION = YES;
				GCC_WARN_ABOUT_RETURN_TYPE = YES_ERROR;
				GCC_WARN_UNDECLARED_SELECTOR = YES;
				GCC_WARN_UNINITIALIZED_AUTOS = YES_AGGRESSIVE;
				GCC_WARN_UNUSED_FUNCTION = YES;
				GCC_WARN_UNUSED_VARIABLE = YES;
				IPHONEOS_DEPLOYMENT_TARGET = 9.3;
				MTL_ENABLE_DEBUG_INFO = NO;
				SDKROOT = iphoneos;
				VALIDATE_PRODUCT = YES;
			};
			name = Release;
		};
		C97CF9BD1CD1A105001F34BF /* Debug */ = {
			isa = XCBuildConfiguration;
			buildSettings = {
				ASSETCATALOG_COMPILER_APPICON_NAME = AppIcon;
				INFOPLIST_FILE = WJTest/Info.plist;
				LD_RUNPATH_SEARCH_PATHS = "$(inherited) @executable_path/Frameworks";
				PRODUCT_BUNDLE_IDENTIFIER = p.WJTest;
				PRODUCT_NAME = "$(TARGET_NAME)";
			};
			name = Debug;
		};
		C97CF9BE1CD1A105001F34BF /* Release */ = {
			isa = XCBuildConfiguration;
			buildSettings = {
				ASSETCATALOG_COMPILER_APPICON_NAME = AppIcon;
				INFOPLIST_FILE = WJTest/Info.plist;
				LD_RUNPATH_SEARCH_PATHS = "$(inherited) @executable_path/Frameworks";
				PRODUCT_BUNDLE_IDENTIFIER = p.WJTest;
				PRODUCT_NAME = "$(TARGET_NAME)";
			};
			name = Release;
		};
/* End XCBuildConfiguration section */

/* Begin XCConfigurationList section */
		C97CF9A01CD1A105001F34BF /* Build configuration list for PBXProject "WJTest" */ = {
			isa = XCConfigurationList;
			buildConfigurations = (
				C97CF9BA1CD1A105001F34BF /* Debug */,
				C97CF9BB1CD1A105001F34BF /* Release */,
			);
			defaultConfigurationIsVisible = 0;
			defaultConfigurationName = Release;
		};
		C97CF9BC1CD1A105001F34BF /* Build configuration list for PBXNativeTarget "WJTest" */ = {
			isa = XCConfigurationList;
			buildConfigurations = (
				C97CF9BD1CD1A105001F34BF /* Debug */,
				C97CF9BE1CD1A105001F34BF /* Release */,
			);
			defaultConfigurationIsVisible = 0;
		};
/* End XCConfigurationList section */
	};
	rootObject = C97CF99D1CD1A105001F34BF /* Project object */;
}
